
Microsoft Visual Studio Solution File, Format Version 12.00
# Visual Studio Version 17
VisualStudioVersion = 17.10.35013.160
MinimumVisualStudioVersion = 10.0.40219.1
Project("{FAE04EC0-301F-11D3-BF4B-00C04F79EFBC}") = "Soccer Score Checker", "Soccer Score Checker\Soccer Score Checker.csproj", "{EBB7AA37-A3A1-4F40-A521-B3F8A81AA66E}"
EndProject
Global
	GlobalSection(SolutionConfigurationPlatforms) = preSolution
		Debug|Any CPU = Debug|Any CPU
		Release|Any CPU = Release|Any CPU
	EndGlobalSection
	GlobalSection(ProjectConfigurationPlatforms) = postSolution
		{EBB7AA37-A3A1-4F40-A521-B3F8A81AA66E}.Debug|Any CPU.ActiveCfg = Debug|Any CPU
		{EBB7AA37-A3A1-4F40-A521-B3F8A81AA66E}.Debug|Any CPU.Build.0 = Debug|Any CPU
		{EBB7AA37-A3A1-4F40-A521-B3F8A81AA66E}.Release|Any CPU.ActiveCfg = Release|Any CPU
		{EBB7AA37-A3A1-4F40-A521-B3F8A81AA66E}.Release|Any CPU.Build.0 = Release|Any CPU
	EndGlobalSection
	GlobalSection(SolutionProperties) = preSolution
		HideSolutionNode = FALSE
	EndGlobalSection
	GlobalSection(ExtensibilityGlobals) = postSolution
		SolutionGuid = {59EF18B1-801A-43CC-8621-25773000572B}
	EndGlobalSection
EndGlobal
